// !$*UTF8*$!
{
	archiveVersion = 1;
	classes = {
	};
	objectVersion = 46;
	objects = {

/* Begin PBXBuildFile section */
		4768068872A5B91B53DF6B53 /* libPods.a in Frameworks */ = {isa = PBXBuildFile; fileRef = 024245694BB347D649A48D57 /* libPods.a */; };
		CE1952C01BF078F60097FC0C /* XFNFrameViewController.m in Sources */ = {isa = PBXBuildFile; fileRef = CE1952BF1BF078F60097FC0C /* XFNFrameViewController.m */; };
		CE1952C61BF07ABC0097FC0C /* XFNStatusAttributePriceTableViewController.m in Sources */ = {isa = PBXBuildFile; fileRef = CE1952C51BF07ABC0097FC0C /* XFNStatusAttributePriceTableViewController.m */; };
		CE1952C91BF0AD760097FC0C /* XFNStatusAttributePriceTableViewCell.m in Sources */ = {isa = PBXBuildFile; fileRef = CE1952C81BF0AD760097FC0C /* XFNStatusAttributePriceTableViewCell.m */; };
		CE2171C01BF43E5100A71CCA /* Podfile in Resources */ = {isa = PBXBuildFile; fileRef = CE2171BF1BF43E5100A71CCA /* Podfile */; };
		CE3079B61C1199DD008F37C6 /* XFNDetailCommentsTableView.m in Sources */ = {isa = PBXBuildFile; fileRef = CE3079B51C1199DD008F37C6 /* XFNDetailCommentsTableView.m */; };
		CE599B7B1BEB232000F8A229 /* XFNFrameTabBarController.m in Sources */ = {isa = PBXBuildFile; fileRef = CE599B7A1BEB232000F8A229 /* XFNFrameTabBarController.m */; };
		CE599B7E1BEB232B00F8A229 /* XFNFrameTableViewController.m in Sources */ = {isa = PBXBuildFile; fileRef = CE599B7D1BEB232B00F8A229 /* XFNFrameTableViewController.m */; };
		CE599B811BEB233100F8A229 /* XFNFrameTableViewControllerCell.m in Sources */ = {isa = PBXBuildFile; fileRef = CE599B801BEB233100F8A229 /* XFNFrameTableViewControllerCell.m */; };
		CE599B841BEB233D00F8A229 /* XFNFrameNavigationController.m in Sources */ = {isa = PBXBuildFile; fileRef = CE599B831BEB233D00F8A229 /* XFNFrameNavigationController.m */; };
		CE599B861BEB240000F8A229 /* XFNFrameCommonItemDetailModel.m in Sources */ = {isa = PBXBuildFile; fileRef = CE599B851BEB240000F8A229 /* XFNFrameCommonItemDetailModel.m */; };
		CE6100ED1C1007A800C53A2A /* XFNWorkDetailBasicInfoCell.m in Sources */ = {isa = PBXBuildFile; fileRef = CE6100EC1C1007A800C53A2A /* XFNWorkDetailBasicInfoCell.m */; };
		CE6100F21C1007BF00C53A2A /* XFNWorkDetailImageViewCell.m in Sources */ = {isa = PBXBuildFile; fileRef = CE6100F01C1007BF00C53A2A /* XFNWorkDetailImageViewCell.m */; };
		CE6100F41C1007F400C53A2A /* XFNImageSlideViewController.m in Sources */ = {isa = PBXBuildFile; fileRef = CE6100F31C1007F400C53A2A /* XFNImageSlideViewController.m */; };
		CE6100FD1C100AE200C53A2A /* TestImage0.jpg in Resources */ = {isa = PBXBuildFile; fileRef = CE6100F61C100AE200C53A2A /* TestImage0.jpg */; };
		CE6100FE1C100AE200C53A2A /* TestImage1.jpg in Resources */ = {isa = PBXBuildFile; fileRef = CE6100F71C100AE200C53A2A /* TestImage1.jpg */; };
		CE6100FF1C100AE200C53A2A /* TestImage2.jpg in Resources */ = {isa = PBXBuildFile; fileRef = CE6100F81C100AE200C53A2A /* TestImage2.jpg */; };
		CE6101001C100AE200C53A2A /* TestImage3.jpg in Resources */ = {isa = PBXBuildFile; fileRef = CE6100F91C100AE200C53A2A /* TestImage3.jpg */; };
		CE6101011C100AE200C53A2A /* TestImage4.jpg in Resources */ = {isa = PBXBuildFile; fileRef = CE6100FA1C100AE200C53A2A /* TestImage4.jpg */; };
		CE6101021C100AE200C53A2A /* TestImage5.jpg in Resources */ = {isa = PBXBuildFile; fileRef = CE6100FB1C100AE200C53A2A /* TestImage5.jpg */; };
		CE6101031C100AE200C53A2A /* TestImage6.jpg in Resources */ = {isa = PBXBuildFile; fileRef = CE6100FC1C100AE200C53A2A /* TestImage6.jpg */; };
		CE6101061C1010DC00C53A2A /* XFNWorkDetailTradeInfoCell.m in Sources */ = {isa = PBXBuildFile; fileRef = CE6101051C1010DC00C53A2A /* XFNWorkDetailTradeInfoCell.m */; };
		CE61010A1C10701E00C53A2A /* XFNWorkDetailAuxiliaryInfoCell.m in Sources */ = {isa = PBXBuildFile; fileRef = CE6101091C10701E00C53A2A /* XFNWorkDetailAuxiliaryInfoCell.m */; };
		CE61010F1C1076A800C53A2A /* XFNWorkDetailContactInfoCell.m in Sources */ = {isa = PBXBuildFile; fileRef = CE61010E1C1076A800C53A2A /* XFNWorkDetailContactInfoCell.m */; };
		CE6101131C1076DA00C53A2A /* XFNWorkDetailCommentsInfoCell.m in Sources */ = {isa = PBXBuildFile; fileRef = CE6101121C1076DA00C53A2A /* XFNWorkDetailCommentsInfoCell.m */; };
		CE8875751BCCD16500334C97 /* main.m in Sources */ = {isa = PBXBuildFile; fileRef = CE8875741BCCD16500334C97 /* main.m */; };
		CE8875781BCCD16500334C97 /* AppDelegate.m in Sources */ = {isa = PBXBuildFile; fileRef = CE8875771BCCD16500334C97 /* AppDelegate.m */; };
		CE88757B1BCCD16500334C97 /* ViewController.m in Sources */ = {isa = PBXBuildFile; fileRef = CE88757A1BCCD16500334C97 /* ViewController.m */; };
		CE88757E1BCCD16500334C97 /* Main.storyboard in Resources */ = {isa = PBXBuildFile; fileRef = CE88757C1BCCD16500334C97 /* Main.storyboard */; };
		CE8875811BCCD16500334C97 /* XF_AppDemo_V0_0.xcdatamodeld in Sources */ = {isa = PBXBuildFile; fileRef = CE88757F1BCCD16500334C97 /* XF_AppDemo_V0_0.xcdatamodeld */; };
		CE8875831BCCD16500334C97 /* Assets.xcassets in Resources */ = {isa = PBXBuildFile; fileRef = CE8875821BCCD16500334C97 /* Assets.xcassets */; };
		CE8875861BCCD16500334C97 /* LaunchScreen.storyboard in Resources */ = {isa = PBXBuildFile; fileRef = CE8875841BCCD16500334C97 /* LaunchScreen.storyboard */; };
		CE8875911BCCD16500334C97 /* XF_AppDemo_V0_0Tests.m in Sources */ = {isa = PBXBuildFile; fileRef = CE8875901BCCD16500334C97 /* XF_AppDemo_V0_0Tests.m */; };
		CE88759C1BCCD16500334C97 /* XF_AppDemo_V0_0UITests.m in Sources */ = {isa = PBXBuildFile; fileRef = CE88759B1BCCD16500334C97 /* XF_AppDemo_V0_0UITests.m */; };
		CE93C6761BEA23BC005E0973 /* XFNWorkDetailTableViewController.m in Sources */ = {isa = PBXBuildFile; fileRef = CE93C6751BEA23BC005E0973 /* XFNWorkDetailTableViewController.m */; };
		CE93C67C1BEA23CE005E0973 /* XFNWorkDetailTableViewCell.m in Sources */ = {isa = PBXBuildFile; fileRef = CE93C6781BEA23CE005E0973 /* XFNWorkDetailTableViewCell.m */; };
		CE93C6811BEA23DE005E0973 /* XFNWorkDetailTableViewCellModel.m in Sources */ = {isa = PBXBuildFile; fileRef = CE93C6801BEA23DE005E0973 /* XFNWorkDetailTableViewCellModel.m */; };
		CE93C6851BEA243B005E0973 /* XFNWorkTableViewCellModel.m in Sources */ = {isa = PBXBuildFile; fileRef = CE93C6841BEA243B005E0973 /* XFNWorkTableViewCellModel.m */; };
		CE93C68D1BEA244B005E0973 /* XFNWorkTableViewCell.m in Sources */ = {isa = PBXBuildFile; fileRef = CE93C6871BEA244B005E0973 /* XFNWorkTableViewCell.m */; };
		CE93C6931BEA2461005E0973 /* XFNWorkTableViewController.m in Sources */ = {isa = PBXBuildFile; fileRef = CE93C6921BEA2461005E0973 /* XFNWorkTableViewController.m */; };
		CE93C6991BEA24DA005E0973 /* XFNFrameCommonItemModel.m in Sources */ = {isa = PBXBuildFile; fileRef = CE93C6981BEA24DA005E0973 /* XFNFrameCommonItemModel.m */; };
		CE93C69C1BEA24E5005E0973 /* XFNFrameUserProfileModel.m in Sources */ = {isa = PBXBuildFile; fileRef = CE93C69B1BEA24E5005E0973 /* XFNFrameUserProfileModel.m */; };
		CE95ED791BF58AEC001C3033 /* XFNDataTestModel.m in Sources */ = {isa = PBXBuildFile; fileRef = CE95ED781BF58AEC001C3033 /* XFNDataTestModel.m */; };
		CE95ED7C1BF5D57E001C3033 /* XFNFrameAssetModel.m in Sources */ = {isa = PBXBuildFile; fileRef = CE95ED7B1BF5D57E001C3033 /* XFNFrameAssetModel.m */; };
		CEE0FF561BCF85BB004EBFC6 /* UIView+XFNExtension.m in Sources */ = {isa = PBXBuildFile; fileRef = CEE0FF551BCF85BB004EBFC6 /* UIView+XFNExtension.m */; };
		CEEFBF3F1C0D559000B3997C /* XFNWorkTableViewHeader.m in Sources */ = {isa = PBXBuildFile; fileRef = CEEFBF3E1C0D559000B3997C /* XFNWorkTableViewHeader.m */; };
		CEEFBF421C0D722600B3997C /* XFNGridView.m in Sources */ = {isa = PBXBuildFile; fileRef = CEEFBF411C0D722600B3997C /* XFNGridView.m */; };
/* End PBXBuildFile section */

/* Begin PBXContainerItemProxy section */
		CE88758D1BCCD16500334C97 /* PBXContainerItemProxy */ = {
			isa = PBXContainerItemProxy;
			containerPortal = CE8875681BCCD16500334C97 /* Project object */;
			proxyType = 1;
			remoteGlobalIDString = CE88756F1BCCD16500334C97;
			remoteInfo = "XF AppDemo V0.0";
		};
		CE8875981BCCD16500334C97 /* PBXContainerItemProxy */ = {
			isa = PBXContainerItemProxy;
			containerPortal = CE8875681BCCD16500334C97 /* Project object */;
			proxyType = 1;
			remoteGlobalIDString = CE88756F1BCCD16500334C97;
			remoteInfo = "XF AppDemo V0.0";
		};
/* End PBXContainerItemProxy section */

/* Begin PBXFileReference section */
		024245694BB347D649A48D57 /* libPods.a */ = {isa = PBXFileReference; explicitFileType = archive.ar; includeInIndex = 0; path = libPods.a; sourceTree = BUILT_PRODUCTS_DIR; };
		C4DC2459D79237ACFCE9C3BD /* Pods.release.xcconfig */ = {isa = PBXFileReference; includeInIndex = 1; lastKnownFileType = text.xcconfig; name = Pods.release.xcconfig; path = "Pods/Target Support Files/Pods/Pods.release.xcconfig"; sourceTree = "<group>"; };
		C7D5AC0413928AE4F7D0AFC6 /* Pods.debug.xcconfig */ = {isa = PBXFileReference; includeInIndex = 1; lastKnownFileType = text.xcconfig; name = Pods.debug.xcconfig; path = "Pods/Target Support Files/Pods/Pods.debug.xcconfig"; sourceTree = "<group>"; };
		CE083C351BE723FA00B225F6 /* XFNFrame.h */ = {isa = PBXFileReference; lastKnownFileType = sourcecode.c.h; name = XFNFrame.h; path = XFFrame/XFNFrame.h; sourceTree = "<group>"; };
		CE1952BF1BF078F60097FC0C /* XFNFrameViewController.m */ = {isa = PBXFileReference; fileEncoding = 4; lastKnownFileType = sourcecode.c.objc; name = XFNFrameViewController.m; path = XFFrame/FrameController/XFNFrameViewController.m; sourceTree = "<group>"; };
		CE1952C11BF0790B0097FC0C /* XFNFrameViewController.h */ = {isa = PBXFileReference; lastKnownFileType = sourcecode.c.h; name = XFNFrameViewController.h; path = XFFrame/FrameController/XFNFrameViewController.h; sourceTree = "<group>"; };
		CE1952C51BF07ABC0097FC0C /* XFNStatusAttributePriceTableViewController.m */ = {isa = PBXFileReference; fileEncoding = 4; lastKnownFileType = sourcecode.c.objc; name = XFNStatusAttributePriceTableViewController.m; path = XFWork/CommonActions/ActionStatusAttributePrice/XFNStatusAttributePriceTableViewController.m; sourceTree = "<group>"; };
		CE1952C71BF07ACC0097FC0C /* XFNStatusAttributePriceTableViewController.h */ = {isa = PBXFileReference; lastKnownFileType = sourcecode.c.h; name = XFNStatusAttributePriceTableViewController.h; path = XFWork/CommonActions/ActionStatusAttributePrice/XFNStatusAttributePriceTableViewController.h; sourceTree = "<group>"; };
		CE1952C81BF0AD760097FC0C /* XFNStatusAttributePriceTableViewCell.m */ = {isa = PBXFileReference; fileEncoding = 4; lastKnownFileType = sourcecode.c.objc; name = XFNStatusAttributePriceTableViewCell.m; path = XFWork/CommonActions/ActionStatusAttributePrice/XFNStatusAttributePriceTableViewCell.m; sourceTree = "<group>"; };
		CE1952CA1BF0AD8B0097FC0C /* XFNStatusAttributePriceTableViewCell.h */ = {isa = PBXFileReference; lastKnownFileType = sourcecode.c.h; name = XFNStatusAttributePriceTableViewCell.h; path = XFWork/CommonActions/ActionStatusAttributePrice/XFNStatusAttributePriceTableViewCell.h; sourceTree = "<group>"; };
		CE2171BF1BF43E5100A71CCA /* Podfile */ = {isa = PBXFileReference; fileEncoding = 4; lastKnownFileType = text; path = Podfile; sourceTree = "<group>"; xcLanguageSpecificationIdentifier = xcode.lang.ruby; };
		CE3079B51C1199DD008F37C6 /* XFNDetailCommentsTableView.m */ = {isa = PBXFileReference; fileEncoding = 4; lastKnownFileType = sourcecode.c.objc; name = XFNDetailCommentsTableView.m; path = XFWork/CommonItemDetail/View/XFNWorkDetailCommentsInfoCell/XFNDetailCommentsTableView.m; sourceTree = "<group>"; };
		CE3079B71C1199F5008F37C6 /* XFNDetailCommentsTableView.h */ = {isa = PBXFileReference; lastKnownFileType = sourcecode.c.h; name = XFNDetailCommentsTableView.h; path = XFWork/CommonItemDetail/View/XFNWorkDetailCommentsInfoCell/XFNDetailCommentsTableView.h; sourceTree = "<group>"; };
		CE47452E1BE7495C000F4596 /* PrefixHeader.pch */ = {isa = PBXFileReference; lastKnownFileType = sourcecode.c.h; path = PrefixHeader.pch; sourceTree = "<group>"; };
		CE599B791BEB232000F8A229 /* XFNFrameTabBarController.h */ = {isa = PBXFileReference; fileEncoding = 4; lastKnownFileType = sourcecode.c.h; name = XFNFrameTabBarController.h; path = XFFrame/FrameController/XFNFrameTabBarController.h; sourceTree = "<group>"; };
		CE599B7A1BEB232000F8A229 /* XFNFrameTabBarController.m */ = {isa = PBXFileReference; fileEncoding = 4; lastKnownFileType = sourcecode.c.objc; name = XFNFrameTabBarController.m; path = XFFrame/FrameController/XFNFrameTabBarController.m; sourceTree = "<group>"; };
		CE599B7C1BEB232B00F8A229 /* XFNFrameTableViewController.h */ = {isa = PBXFileReference; fileEncoding = 4; lastKnownFileType = sourcecode.c.h; name = XFNFrameTableViewController.h; path = XFFrame/FrameController/XFNFrameTableViewController.h; sourceTree = "<group>"; };
		CE599B7D1BEB232B00F8A229 /* XFNFrameTableViewController.m */ = {isa = PBXFileReference; fileEncoding = 4; lastKnownFileType = sourcecode.c.objc; name = XFNFrameTableViewController.m; path = XFFrame/FrameController/XFNFrameTableViewController.m; sourceTree = "<group>"; };
		CE599B7F1BEB233100F8A229 /* XFNFrameTableViewControllerCell.h */ = {isa = PBXFileReference; fileEncoding = 4; lastKnownFileType = sourcecode.c.h; name = XFNFrameTableViewControllerCell.h; path = XFFrame/FrameController/XFNFrameTableViewControllerCell.h; sourceTree = "<group>"; };
		CE599B801BEB233100F8A229 /* XFNFrameTableViewControllerCell.m */ = {isa = PBXFileReference; fileEncoding = 4; lastKnownFileType = sourcecode.c.objc; name = XFNFrameTableViewControllerCell.m; path = XFFrame/FrameController/XFNFrameTableViewControllerCell.m; sourceTree = "<group>"; };
		CE599B821BEB233D00F8A229 /* XFNFrameNavigationController.h */ = {isa = PBXFileReference; fileEncoding = 4; lastKnownFileType = sourcecode.c.h; name = XFNFrameNavigationController.h; path = XFFrame/FrameController/XFNFrameNavigationController.h; sourceTree = "<group>"; };
		CE599B831BEB233D00F8A229 /* XFNFrameNavigationController.m */ = {isa = PBXFileReference; fileEncoding = 4; lastKnownFileType = sourcecode.c.objc; name = XFNFrameNavigationController.m; path = XFFrame/FrameController/XFNFrameNavigationController.m; sourceTree = "<group>"; };
		CE599B851BEB240000F8A229 /* XFNFrameCommonItemDetailModel.m */ = {isa = PBXFileReference; fileEncoding = 4; lastKnownFileType = sourcecode.c.objc; name = XFNFrameCommonItemDetailModel.m; path = XFFrame/FrameModel/XFFrameCommonItemDetailModel/XFNFrameCommonItemDetailModel.m; sourceTree = "<group>"; };
		CE599B8B1BEB246F00F8A229 /* XFNFrameCommonItemDetailModel.h */ = {isa = PBXFileReference; lastKnownFileType = sourcecode.c.h; name = XFNFrameCommonItemDetailModel.h; path = XFFrame/FrameModel/XFFrameCommonItemDetailModel/XFNFrameCommonItemDetailModel.h; sourceTree = "<group>"; };
		CE6100EB1C1007A800C53A2A /* XFNWorkDetailBasicInfoCell.h */ = {isa = PBXFileReference; fileEncoding = 4; lastKnownFileType = sourcecode.c.h; name = XFNWorkDetailBasicInfoCell.h; path = XFWork/CommonItemDetail/View/XFNWorkDetailBasicInfoCell/XFNWorkDetailBasicInfoCell.h; sourceTree = "<group>"; };
		CE6100EC1C1007A800C53A2A /* XFNWorkDetailBasicInfoCell.m */ = {isa = PBXFileReference; fileEncoding = 4; lastKnownFileType = sourcecode.c.objc; name = XFNWorkDetailBasicInfoCell.m; path = XFWork/CommonItemDetail/View/XFNWorkDetailBasicInfoCell/XFNWorkDetailBasicInfoCell.m; sourceTree = "<group>"; };
		CE6100EF1C1007BF00C53A2A /* XFNWorkDetailImageViewCell.h */ = {isa = PBXFileReference; fileEncoding = 4; lastKnownFileType = sourcecode.c.h; name = XFNWorkDetailImageViewCell.h; path = XFWork/CommonItemDetail/View/XFNWorkDetailImageViewCell/XFNWorkDetailImageViewCell.h; sourceTree = "<group>"; };
		CE6100F01C1007BF00C53A2A /* XFNWorkDetailImageViewCell.m */ = {isa = PBXFileReference; fileEncoding = 4; lastKnownFileType = sourcecode.c.objc; name = XFNWorkDetailImageViewCell.m; path = XFWork/CommonItemDetail/View/XFNWorkDetailImageViewCell/XFNWorkDetailImageViewCell.m; sourceTree = "<group>"; };
		CE6100F31C1007F400C53A2A /* XFNImageSlideViewController.m */ = {isa = PBXFileReference; fileEncoding = 4; lastKnownFileType = sourcecode.c.objc; name = XFNImageSlideViewController.m; path = XFWork/CommonItemDetail/View/XFNWorkDetailImageViewCell/XFNImageSlideViewController.m; sourceTree = "<group>"; };
		CE6100F51C10081800C53A2A /* XFNImageSlideViewController.h */ = {isa = PBXFileReference; lastKnownFileType = sourcecode.c.h; name = XFNImageSlideViewController.h; path = XFWork/CommonItemDetail/View/XFNWorkDetailImageViewCell/XFNImageSlideViewController.h; sourceTree = "<group>"; };
		CE6100F61C100AE200C53A2A /* TestImage0.jpg */ = {isa = PBXFileReference; lastKnownFileType = image.jpeg; name = TestImage0.jpg; path = TestImage/TestImage0.jpg; sourceTree = "<group>"; };
		CE6100F71C100AE200C53A2A /* TestImage1.jpg */ = {isa = PBXFileReference; lastKnownFileType = image.jpeg; name = TestImage1.jpg; path = TestImage/TestImage1.jpg; sourceTree = "<group>"; };
		CE6100F81C100AE200C53A2A /* TestImage2.jpg */ = {isa = PBXFileReference; lastKnownFileType = image.jpeg; name = TestImage2.jpg; path = TestImage/TestImage2.jpg; sourceTree = "<group>"; };
		CE6100F91C100AE200C53A2A /* TestImage3.jpg */ = {isa = PBXFileReference; lastKnownFileType = image.jpeg; name = TestImage3.jpg; path = TestImage/TestImage3.jpg; sourceTree = "<group>"; };
		CE6100FA1C100AE200C53A2A /* TestImage4.jpg */ = {isa = PBXFileReference; lastKnownFileType = image.jpeg; name = TestImage4.jpg; path = TestImage/TestImage4.jpg; sourceTree = "<group>"; };
		CE6100FB1C100AE200C53A2A /* TestImage5.jpg */ = {isa = PBXFileReference; lastKnownFileType = image.jpeg; name = TestImage5.jpg; path = TestImage/TestImage5.jpg; sourceTree = "<group>"; };
		CE6100FC1C100AE200C53A2A /* TestImage6.jpg */ = {isa = PBXFileReference; lastKnownFileType = image.jpeg; name = TestImage6.jpg; path = TestImage/TestImage6.jpg; sourceTree = "<group>"; };
		CE6101051C1010DC00C53A2A /* XFNWorkDetailTradeInfoCell.m */ = {isa = PBXFileReference; fileEncoding = 4; lastKnownFileType = sourcecode.c.objc; name = XFNWorkDetailTradeInfoCell.m; path = XFWork/CommonItemDetail/View/XFNWorkDetailTradeInfoCell/XFNWorkDetailTradeInfoCell.m; sourceTree = "<group>"; };
		CE6101071C1010EA00C53A2A /* XFNWorkDetailTradeInfoCell.h */ = {isa = PBXFileReference; lastKnownFileType = sourcecode.c.h; name = XFNWorkDetailTradeInfoCell.h; path = XFWork/CommonItemDetail/View/XFNWorkDetailTradeInfoCell/XFNWorkDetailTradeInfoCell.h; sourceTree = "<group>"; };
		CE6101091C10701E00C53A2A /* XFNWorkDetailAuxiliaryInfoCell.m */ = {isa = PBXFileReference; fileEncoding = 4; lastKnownFileType = sourcecode.c.objc; name = XFNWorkDetailAuxiliaryInfoCell.m; path = XFWork/CommonItemDetail/View/XFNWorkDetailAuxiliaryInfoCell/XFNWorkDetailAuxiliaryInfoCell.m; sourceTree = "<group>"; };
		CE61010B1C10702D00C53A2A /* XFNWorkDetailAuxiliaryInfoCell.h */ = {isa = PBXFileReference; lastKnownFileType = sourcecode.c.h; name = XFNWorkDetailAuxiliaryInfoCell.h; path = XFWork/CommonItemDetail/View/XFNWorkDetailAuxiliaryInfoCell/XFNWorkDetailAuxiliaryInfoCell.h; sourceTree = "<group>"; };
		CE61010E1C1076A800C53A2A /* XFNWorkDetailContactInfoCell.m */ = {isa = PBXFileReference; fileEncoding = 4; lastKnownFileType = sourcecode.c.objc; name = XFNWorkDetailContactInfoCell.m; path = XFWork/CommonItemDetail/View/XFNWorkDetailContactInfoCell/XFNWorkDetailContactInfoCell.m; sourceTree = "<group>"; };
		CE6101101C1076B800C53A2A /* XFNWorkDetailContactInfoCell.h */ = {isa = PBXFileReference; lastKnownFileType = sourcecode.c.h; name = XFNWorkDetailContactInfoCell.h; path = XFWork/CommonItemDetail/View/XFNWorkDetailContactInfoCell/XFNWorkDetailContactInfoCell.h; sourceTree = "<group>"; };
		CE6101121C1076DA00C53A2A /* XFNWorkDetailCommentsInfoCell.m */ = {isa = PBXFileReference; fileEncoding = 4; lastKnownFileType = sourcecode.c.objc; name = XFNWorkDetailCommentsInfoCell.m; path = XFWork/CommonItemDetail/View/XFNWorkDetailCommentsInfoCell/XFNWorkDetailCommentsInfoCell.m; sourceTree = "<group>"; };
		CE6101141C1076E700C53A2A /* XFNWorkDetailCommentsInfoCell.h */ = {isa = PBXFileReference; lastKnownFileType = sourcecode.c.h; name = XFNWorkDetailCommentsInfoCell.h; path = XFWork/CommonItemDetail/View/XFNWorkDetailCommentsInfoCell/XFNWorkDetailCommentsInfoCell.h; sourceTree = "<group>"; };
		CE8875701BCCD16500334C97 /* XF AppDemo V0.0.app */ = {isa = PBXFileReference; explicitFileType = wrapper.application; includeInIndex = 0; path = "XF AppDemo V0.0.app"; sourceTree = BUILT_PRODUCTS_DIR; };
		CE8875741BCCD16500334C97 /* main.m */ = {isa = PBXFileReference; lastKnownFileType = sourcecode.c.objc; path = main.m; sourceTree = "<group>"; };
		CE8875761BCCD16500334C97 /* AppDelegate.h */ = {isa = PBXFileReference; lastKnownFileType = sourcecode.c.h; path = AppDelegate.h; sourceTree = "<group>"; };
		CE8875771BCCD16500334C97 /* AppDelegate.m */ = {isa = PBXFileReference; lastKnownFileType = sourcecode.c.objc; path = AppDelegate.m; sourceTree = "<group>"; };
		CE8875791BCCD16500334C97 /* ViewController.h */ = {isa = PBXFileReference; lastKnownFileType = sourcecode.c.h; path = ViewController.h; sourceTree = "<group>"; };
		CE88757A1BCCD16500334C97 /* ViewController.m */ = {isa = PBXFileReference; lastKnownFileType = sourcecode.c.objc; path = ViewController.m; sourceTree = "<group>"; };
		CE88757D1BCCD16500334C97 /* Base */ = {isa = PBXFileReference; lastKnownFileType = file.storyboard; name = Base; path = Base.lproj/Main.storyboard; sourceTree = "<group>"; };
		CE8875801BCCD16500334C97 /* XF_AppDemo_V0_0.xcdatamodel */ = {isa = PBXFileReference; lastKnownFileType = wrapper.xcdatamodel; path = XF_AppDemo_V0_0.xcdatamodel; sourceTree = "<group>"; };
		CE8875821BCCD16500334C97 /* Assets.xcassets */ = {isa = PBXFileReference; lastKnownFileType = folder.assetcatalog; path = Assets.xcassets; sourceTree = "<group>"; };
		CE8875851BCCD16500334C97 /* Base */ = {isa = PBXFileReference; lastKnownFileType = file.storyboard; name = Base; path = Base.lproj/LaunchScreen.storyboard; sourceTree = "<group>"; };
		CE8875871BCCD16500334C97 /* Info.plist */ = {isa = PBXFileReference; lastKnownFileType = text.plist.xml; path = Info.plist; sourceTree = "<group>"; };
		CE88758C1BCCD16500334C97 /* XF AppDemo V0.0Tests.xctest */ = {isa = PBXFileReference; explicitFileType = wrapper.cfbundle; includeInIndex = 0; path = "XF AppDemo V0.0Tests.xctest"; sourceTree = BUILT_PRODUCTS_DIR; };
		CE8875901BCCD16500334C97 /* XF_AppDemo_V0_0Tests.m */ = {isa = PBXFileReference; lastKnownFileType = sourcecode.c.objc; path = XF_AppDemo_V0_0Tests.m; sourceTree = "<group>"; };
		CE8875921BCCD16500334C97 /* Info.plist */ = {isa = PBXFileReference; lastKnownFileType = text.plist.xml; path = Info.plist; sourceTree = "<group>"; };
		CE8875971BCCD16500334C97 /* XF AppDemo V0.0UITests.xctest */ = {isa = PBXFileReference; explicitFileType = wrapper.cfbundle; includeInIndex = 0; path = "XF AppDemo V0.0UITests.xctest"; sourceTree = BUILT_PRODUCTS_DIR; };
		CE88759B1BCCD16500334C97 /* XF_AppDemo_V0_0UITests.m */ = {isa = PBXFileReference; lastKnownFileType = sourcecode.c.objc; path = XF_AppDemo_V0_0UITests.m; sourceTree = "<group>"; };
		CE88759D1BCCD16500334C97 /* Info.plist */ = {isa = PBXFileReference; lastKnownFileType = text.plist.xml; path = Info.plist; sourceTree = "<group>"; };
		CE93C6741BEA23BC005E0973 /* XFNWorkDetailTableViewController.h */ = {isa = PBXFileReference; fileEncoding = 4; lastKnownFileType = sourcecode.c.h; name = XFNWorkDetailTableViewController.h; path = XFWork/CommonItemDetail/Controller/XFNWorkDetailTableViewController.h; sourceTree = "<group>"; };
		CE93C6751BEA23BC005E0973 /* XFNWorkDetailTableViewController.m */ = {isa = PBXFileReference; fileEncoding = 4; lastKnownFileType = sourcecode.c.objc; name = XFNWorkDetailTableViewController.m; path = XFWork/CommonItemDetail/Controller/XFNWorkDetailTableViewController.m; sourceTree = "<group>"; };
		CE93C6771BEA23CE005E0973 /* XFNWorkDetailTableViewCell.h */ = {isa = PBXFileReference; fileEncoding = 4; lastKnownFileType = sourcecode.c.h; name = XFNWorkDetailTableViewCell.h; path = XFWork/CommonItemDetail/View/XFNWorkDetailTableViewCell.h; sourceTree = "<group>"; };
		CE93C6781BEA23CE005E0973 /* XFNWorkDetailTableViewCell.m */ = {isa = PBXFileReference; fileEncoding = 4; lastKnownFileType = sourcecode.c.objc; name = XFNWorkDetailTableViewCell.m; path = XFWork/CommonItemDetail/View/XFNWorkDetailTableViewCell.m; sourceTree = "<group>"; };
		CE93C67F1BEA23DE005E0973 /* XFNWorkDetailTableViewCellModel.h */ = {isa = PBXFileReference; fileEncoding = 4; lastKnownFileType = sourcecode.c.h; name = XFNWorkDetailTableViewCellModel.h; path = XFWork/CommonItemDetail/Model/XFNWorkDetailTableViewCellModel.h; sourceTree = "<group>"; };
		CE93C6801BEA23DE005E0973 /* XFNWorkDetailTableViewCellModel.m */ = {isa = PBXFileReference; fileEncoding = 4; lastKnownFileType = sourcecode.c.objc; name = XFNWorkDetailTableViewCellModel.m; path = XFWork/CommonItemDetail/Model/XFNWorkDetailTableViewCellModel.m; sourceTree = "<group>"; };
		CE93C6831BEA243B005E0973 /* XFNWorkTableViewCellModel.h */ = {isa = PBXFileReference; fileEncoding = 4; lastKnownFileType = sourcecode.c.h; name = XFNWorkTableViewCellModel.h; path = XFWork/CommonItem/Model/XFNWorkTableViewCellModel.h; sourceTree = "<group>"; };
		CE93C6841BEA243B005E0973 /* XFNWorkTableViewCellModel.m */ = {isa = PBXFileReference; fileEncoding = 4; lastKnownFileType = sourcecode.c.objc; name = XFNWorkTableViewCellModel.m; path = XFWork/CommonItem/Model/XFNWorkTableViewCellModel.m; sourceTree = "<group>"; };
		CE93C6861BEA244B005E0973 /* XFNWorkTableViewCell.h */ = {isa = PBXFileReference; fileEncoding = 4; lastKnownFileType = sourcecode.c.h; name = XFNWorkTableViewCell.h; path = XFWork/CommonItem/View/XFNWorkTableViewCell.h; sourceTree = "<group>"; };
		CE93C6871BEA244B005E0973 /* XFNWorkTableViewCell.m */ = {isa = PBXFileReference; fileEncoding = 4; lastKnownFileType = sourcecode.c.objc; name = XFNWorkTableViewCell.m; path = XFWork/CommonItem/View/XFNWorkTableViewCell.m; sourceTree = "<group>"; };
		CE93C6911BEA2461005E0973 /* XFNWorkTableViewController.h */ = {isa = PBXFileReference; fileEncoding = 4; lastKnownFileType = sourcecode.c.h; name = XFNWorkTableViewController.h; path = XFWork/CommonItem/Controller/XFNWorkTableViewController.h; sourceTree = "<group>"; };
		CE93C6921BEA2461005E0973 /* XFNWorkTableViewController.m */ = {isa = PBXFileReference; fileEncoding = 4; lastKnownFileType = sourcecode.c.objc; name = XFNWorkTableViewController.m; path = XFWork/CommonItem/Controller/XFNWorkTableViewController.m; sourceTree = "<group>"; };
		CE93C6971BEA24DA005E0973 /* XFNFrameCommonItemModel.h */ = {isa = PBXFileReference; fileEncoding = 4; lastKnownFileType = sourcecode.c.h; name = XFNFrameCommonItemModel.h; path = XFFrame/FrameModel/FrameCommonItem/XFNFrameCommonItemModel.h; sourceTree = "<group>"; };
		CE93C6981BEA24DA005E0973 /* XFNFrameCommonItemModel.m */ = {isa = PBXFileReference; fileEncoding = 4; lastKnownFileType = sourcecode.c.objc; name = XFNFrameCommonItemModel.m; path = XFFrame/FrameModel/FrameCommonItem/XFNFrameCommonItemModel.m; sourceTree = "<group>"; };
		CE93C69A1BEA24E5005E0973 /* XFNFrameUserProfileModel.h */ = {isa = PBXFileReference; fileEncoding = 4; lastKnownFileType = sourcecode.c.h; name = XFNFrameUserProfileModel.h; path = XFFrame/FrameModel/FrameUserProfile/XFNFrameUserProfileModel.h; sourceTree = "<group>"; };
		CE93C69B1BEA24E5005E0973 /* XFNFrameUserProfileModel.m */ = {isa = PBXFileReference; fileEncoding = 4; lastKnownFileType = sourcecode.c.objc; name = XFNFrameUserProfileModel.m; path = XFFrame/FrameModel/FrameUserProfile/XFNFrameUserProfileModel.m; sourceTree = "<group>"; };
		CE95ED781BF58AEC001C3033 /* XFNDataTestModel.m */ = {isa = PBXFileReference; fileEncoding = 4; lastKnownFileType = sourcecode.c.objc; path = XFNDataTestModel.m; sourceTree = "<group>"; };
		CE95ED7A1BF58AF8001C3033 /* XFNDataTestModel.h */ = {isa = PBXFileReference; lastKnownFileType = sourcecode.c.h; path = XFNDataTestModel.h; sourceTree = "<group>"; };
		CE95ED7B1BF5D57E001C3033 /* XFNFrameAssetModel.m */ = {isa = PBXFileReference; fileEncoding = 4; lastKnownFileType = sourcecode.c.objc; name = XFNFrameAssetModel.m; path = XFFrame/FrameModel/XFNFrameAssetModel.m; sourceTree = "<group>"; };
		CE95ED7D1BF5D58B001C3033 /* XFNFrameAssetModel.h */ = {isa = PBXFileReference; lastKnownFileType = sourcecode.c.h; name = XFNFrameAssetModel.h; path = XFFrame/FrameModel/XFNFrameAssetModel.h; sourceTree = "<group>"; };
		CEE0FF551BCF85BB004EBFC6 /* UIView+XFNExtension.m */ = {isa = PBXFileReference; fileEncoding = 4; lastKnownFileType = sourcecode.c.objc; name = "UIView+XFNExtension.m"; path = "XFFrame/XFLib/UIView+XFNExtension.m"; sourceTree = "<group>"; };
		CEE0FF571BCF85CF004EBFC6 /* UIView+XFNExtension.h */ = {isa = PBXFileReference; lastKnownFileType = sourcecode.c.h; name = "UIView+XFNExtension.h"; path = "XFFrame/XFLib/UIView+XFNExtension.h"; sourceTree = "<group>"; };
		CEEFBF3E1C0D559000B3997C /* XFNWorkTableViewHeader.m */ = {isa = PBXFileReference; fileEncoding = 4; lastKnownFileType = sourcecode.c.objc; name = XFNWorkTableViewHeader.m; path = XFWork/CommonItem/View/XFNWorkTableViewHeader.m; sourceTree = "<group>"; };
		CEEFBF401C0D559F00B3997C /* XFNWorkTableViewHeader.h */ = {isa = PBXFileReference; lastKnownFileType = sourcecode.c.h; name = XFNWorkTableViewHeader.h; path = XFWork/CommonItem/View/XFNWorkTableViewHeader.h; sourceTree = "<group>"; };
		CEEFBF411C0D722600B3997C /* XFNGridView.m */ = {isa = PBXFileReference; fileEncoding = 4; lastKnownFileType = sourcecode.c.objc; name = XFNGridView.m; path = XFFrame/XFLib/XFNGridView.m; sourceTree = "<group>"; };
		CEEFBF431C0D723400B3997C /* XFNGridView.h */ = {isa = PBXFileReference; lastKnownFileType = sourcecode.c.h; name = XFNGridView.h; path = XFFrame/XFLib/XFNGridView.h; sourceTree = "<group>"; };
/* End PBXFileReference section */

/* Begin PBXFrameworksBuildPhase section */
		CE88756D1BCCD16500334C97 /* Frameworks */ = {
			isa = PBXFrameworksBuildPhase;
			buildActionMask = 2147483647;
			files = (
				4768068872A5B91B53DF6B53 /* libPods.a in Frameworks */,
			);
			runOnlyForDeploymentPostprocessing = 0;
		};
		CE8875891BCCD16500334C97 /* Frameworks */ = {
			isa = PBXFrameworksBuildPhase;
			buildActionMask = 2147483647;
			files = (
			);
			runOnlyForDeploymentPostprocessing = 0;
		};
		CE8875941BCCD16500334C97 /* Frameworks */ = {
			isa = PBXFrameworksBuildPhase;
			buildActionMask = 2147483647;
			files = (
			);
			runOnlyForDeploymentPostprocessing = 0;
		};
/* End PBXFrameworksBuildPhase section */

/* Begin PBXGroup section */
		60425FD6B5C7D6DFC7D4D050 /* Frameworks */ = {
			isa = PBXGroup;
			children = (
				024245694BB347D649A48D57 /* libPods.a */,
			);
			name = Frameworks;
			sourceTree = "<group>";
		};
		998CC86908187A11377F771E /* Pods */ = {
			isa = PBXGroup;
			children = (
				C7D5AC0413928AE4F7D0AFC6 /* Pods.debug.xcconfig */,
				C4DC2459D79237ACFCE9C3BD /* Pods.release.xcconfig */,
			);
			name = Pods;
			sourceTree = "<group>";
		};
		CE1952BE1BF078430097FC0C /* XFNFrameViewController */ = {
			isa = PBXGroup;
			children = (
				CE1952BF1BF078F60097FC0C /* XFNFrameViewController.m */,
				CE1952C11BF0790B0097FC0C /* XFNFrameViewController.h */,
			);
			name = XFNFrameViewController;
			sourceTree = "<group>";
		};
		CE1952C21BF079ED0097FC0C /* CommonActions */ = {
			isa = PBXGroup;
			children = (
				CE1952C41BF07A2B0097FC0C /* ActionStatusAttributePrice */,
				CE1952C31BF07A0C0097FC0C /* ActionAddressInfo */,
			);
			name = CommonActions;
			sourceTree = "<group>";
		};
		CE1952C31BF07A0C0097FC0C /* ActionAddressInfo */ = {
			isa = PBXGroup;
			children = (
			);
			name = ActionAddressInfo;
			sourceTree = "<group>";
		};
		CE1952C41BF07A2B0097FC0C /* ActionStatusAttributePrice */ = {
			isa = PBXGroup;
			children = (
				CE1952C51BF07ABC0097FC0C /* XFNStatusAttributePriceTableViewController.m */,
				CE1952C71BF07ACC0097FC0C /* XFNStatusAttributePriceTableViewController.h */,
				CE1952C81BF0AD760097FC0C /* XFNStatusAttributePriceTableViewCell.m */,
				CE1952CA1BF0AD8B0097FC0C /* XFNStatusAttributePriceTableViewCell.h */,
			);
			name = ActionStatusAttributePrice;
			sourceTree = "<group>";
		};
		CE4745491BE79ED3000F4596 /* CommonItemDetail */ = {
			isa = PBXGroup;
			children = (
				CE47454C1BE79EE7000F4596 /* Controllers */,
				CE47454B1BE79EE1000F4596 /* Views */,
				CE47454A1BE79EDB000F4596 /* Models */,
			);
			name = CommonItemDetail;
			sourceTree = "<group>";
		};
		CE47454A1BE79EDB000F4596 /* Models */ = {
			isa = PBXGroup;
			children = (
				CE93C6801BEA23DE005E0973 /* XFNWorkDetailTableViewCellModel.m */,
				CE93C67F1BEA23DE005E0973 /* XFNWorkDetailTableViewCellModel.h */,
			);
			name = Models;
			sourceTree = "<group>";
		};
		CE47454B1BE79EE1000F4596 /* Views */ = {
			isa = PBXGroup;
			children = (
				CE93C6781BEA23CE005E0973 /* XFNWorkDetailTableViewCell.m */,
				CE93C6771BEA23CE005E0973 /* XFNWorkDetailTableViewCell.h */,
				CE6100E81C10038F00C53A2A /* XFNWorkDetailImageViewCell */,
				CE6100E71C10038200C53A2A /* XFNWorkDetailBasicInfoCell */,
				CE6101081C1010EE00C53A2A /* XFNWorkDetailTradeInfoCell */,
				CE61010D1C10703B00C53A2A /* XFNWorkDetailAuxiliaryInfoCell */,
				CE6101111C1076BC00C53A2A /* XFNWorkDetailContactInfoCell */,
				CE6101151C1076EC00C53A2A /* XFNWorkDetailCommentsInfoCell */,
			);
			name = Views;
			sourceTree = "<group>";
		};
		CE47454C1BE79EE7000F4596 /* Controllers */ = {
			isa = PBXGroup;
			children = (
				CE93C6741BEA23BC005E0973 /* XFNWorkDetailTableViewController.h */,
				CE93C6751BEA23BC005E0973 /* XFNWorkDetailTableViewController.m */,
			);
			name = Controllers;
			sourceTree = "<group>";
		};
		CE599B781BEB229200F8A229 /* XFNFrameCommonItemDetailModel */ = {
			isa = PBXGroup;
			children = (
				CE599B851BEB240000F8A229 /* XFNFrameCommonItemDetailModel.m */,
				CE599B8B1BEB246F00F8A229 /* XFNFrameCommonItemDetailModel.h */,
				CE95ED781BF58AEC001C3033 /* XFNDataTestModel.m */,
				CE95ED7A1BF58AF8001C3033 /* XFNDataTestModel.h */,
				CE95ED7B1BF5D57E001C3033 /* XFNFrameAssetModel.m */,
				CE95ED7D1BF5D58B001C3033 /* XFNFrameAssetModel.h */,
			);
			name = XFNFrameCommonItemDetailModel;
			sourceTree = "<group>";
		};
		CE6100E71C10038200C53A2A /* XFNWorkDetailBasicInfoCell */ = {
			isa = PBXGroup;
			children = (
				CE6100EC1C1007A800C53A2A /* XFNWorkDetailBasicInfoCell.m */,
				CE6100EB1C1007A800C53A2A /* XFNWorkDetailBasicInfoCell.h */,
			);
			name = XFNWorkDetailBasicInfoCell;
			sourceTree = "<group>";
		};
		CE6100E81C10038F00C53A2A /* XFNWorkDetailImageViewCell */ = {
			isa = PBXGroup;
			children = (
				CE6100F31C1007F400C53A2A /* XFNImageSlideViewController.m */,
				CE6100F51C10081800C53A2A /* XFNImageSlideViewController.h */,
				CE6100F01C1007BF00C53A2A /* XFNWorkDetailImageViewCell.m */,
				CE6100EF1C1007BF00C53A2A /* XFNWorkDetailImageViewCell.h */,
			);
			name = XFNWorkDetailImageViewCell;
			sourceTree = "<group>";
		};
		CE6101041C100AEB00C53A2A /* TestImage */ = {
			isa = PBXGroup;
			children = (
				CE6100F61C100AE200C53A2A /* TestImage0.jpg */,
				CE6100F71C100AE200C53A2A /* TestImage1.jpg */,
				CE6100F81C100AE200C53A2A /* TestImage2.jpg */,
				CE6100F91C100AE200C53A2A /* TestImage3.jpg */,
				CE6100FA1C100AE200C53A2A /* TestImage4.jpg */,
				CE6100FB1C100AE200C53A2A /* TestImage5.jpg */,
				CE6100FC1C100AE200C53A2A /* TestImage6.jpg */,
			);
			name = TestImage;
			sourceTree = "<group>";
		};
		CE6101081C1010EE00C53A2A /* XFNWorkDetailTradeInfoCell */ = {
			isa = PBXGroup;
			children = (
				CE6101051C1010DC00C53A2A /* XFNWorkDetailTradeInfoCell.m */,
				CE6101071C1010EA00C53A2A /* XFNWorkDetailTradeInfoCell.h */,
			);
			name = XFNWorkDetailTradeInfoCell;
			sourceTree = "<group>";
		};
		CE61010D1C10703B00C53A2A /* XFNWorkDetailAuxiliaryInfoCell */ = {
			isa = PBXGroup;
			children = (
				CE6101091C10701E00C53A2A /* XFNWorkDetailAuxiliaryInfoCell.m */,
				CE61010B1C10702D00C53A2A /* XFNWorkDetailAuxiliaryInfoCell.h */,
			);
			name = XFNWorkDetailAuxiliaryInfoCell;
			sourceTree = "<group>";
		};
		CE6101111C1076BC00C53A2A /* XFNWorkDetailContactInfoCell */ = {
			isa = PBXGroup;
			children = (
				CE61010E1C1076A800C53A2A /* XFNWorkDetailContactInfoCell.m */,
				CE6101101C1076B800C53A2A /* XFNWorkDetailContactInfoCell.h */,
			);
			name = XFNWorkDetailContactInfoCell;
			sourceTree = "<group>";
		};
		CE6101151C1076EC00C53A2A /* XFNWorkDetailCommentsInfoCell */ = {
			isa = PBXGroup;
			children = (
				CE6101121C1076DA00C53A2A /* XFNWorkDetailCommentsInfoCell.m */,
				CE6101141C1076E700C53A2A /* XFNWorkDetailCommentsInfoCell.h */,
				CE3079B51C1199DD008F37C6 /* XFNDetailCommentsTableView.m */,
				CE3079B71C1199F5008F37C6 /* XFNDetailCommentsTableView.h */,
			);
			name = XFNWorkDetailCommentsInfoCell;
			sourceTree = "<group>";
		};
		CE8875671BCCD16500334C97 = {
			isa = PBXGroup;
			children = (
				CE2171BF1BF43E5100A71CCA /* Podfile */,
				CE8875721BCCD16500334C97 /* XF AppDemo V0.0 */,
				CE88758F1BCCD16500334C97 /* XF AppDemo V0.0Tests */,
				CE88759A1BCCD16500334C97 /* XF AppDemo V0.0UITests */,
				CE8875711BCCD16500334C97 /* Products */,
				998CC86908187A11377F771E /* Pods */,
				60425FD6B5C7D6DFC7D4D050 /* Frameworks */,
			);
			sourceTree = "<group>";
		};
		CE8875711BCCD16500334C97 /* Products */ = {
			isa = PBXGroup;
			children = (
				CE8875701BCCD16500334C97 /* XF AppDemo V0.0.app */,
				CE88758C1BCCD16500334C97 /* XF AppDemo V0.0Tests.xctest */,
				CE8875971BCCD16500334C97 /* XF AppDemo V0.0UITests.xctest */,
			);
			name = Products;
			sourceTree = "<group>";
		};
		CE8875721BCCD16500334C97 /* XF AppDemo V0.0 */ = {
			isa = PBXGroup;
			children = (
				CEE0FF321BCE40A1004EBFC6 /* Message */,
				CEE0FF2E1BCE4020004EBFC6 /* Work */,
				CEE0FF2D1BCE4016004EBFC6 /* Public */,
				CEE0FF2C1BCE4010004EBFC6 /* Me */,
				CE8875AC1BCCD6DE00334C97 /* XFNFrame */,
				CE8875AB1BCCD6B700334C97 /* AppDelegate */,
				CE8875731BCCD16500334C97 /* Supporting Files */,
			);
			path = "XF AppDemo V0.0";
			sourceTree = "<group>";
		};
		CE8875731BCCD16500334C97 /* Supporting Files */ = {
			isa = PBXGroup;
			children = (
				CE6101041C100AEB00C53A2A /* TestImage */,
				CE47452E1BE7495C000F4596 /* PrefixHeader.pch */,
				CE88757C1BCCD16500334C97 /* Main.storyboard */,
				CE8875821BCCD16500334C97 /* Assets.xcassets */,
				CE8875841BCCD16500334C97 /* LaunchScreen.storyboard */,
				CE8875871BCCD16500334C97 /* Info.plist */,
				CE88757F1BCCD16500334C97 /* XF_AppDemo_V0_0.xcdatamodeld */,
				CE8875741BCCD16500334C97 /* main.m */,
			);
			name = "Supporting Files";
			sourceTree = "<group>";
		};
		CE88758F1BCCD16500334C97 /* XF AppDemo V0.0Tests */ = {
			isa = PBXGroup;
			children = (
				CE8875901BCCD16500334C97 /* XF_AppDemo_V0_0Tests.m */,
				CE8875921BCCD16500334C97 /* Info.plist */,
			);
			path = "XF AppDemo V0.0Tests";
			sourceTree = "<group>";
		};
		CE88759A1BCCD16500334C97 /* XF AppDemo V0.0UITests */ = {
			isa = PBXGroup;
			children = (
				CE88759B1BCCD16500334C97 /* XF_AppDemo_V0_0UITests.m */,
				CE88759D1BCCD16500334C97 /* Info.plist */,
			);
			path = "XF AppDemo V0.0UITests";
			sourceTree = "<group>";
		};
		CE8875AB1BCCD6B700334C97 /* AppDelegate */ = {
			isa = PBXGroup;
			children = (
				CE8875761BCCD16500334C97 /* AppDelegate.h */,
				CE8875771BCCD16500334C97 /* AppDelegate.m */,
				CE8875791BCCD16500334C97 /* ViewController.h */,
				CE88757A1BCCD16500334C97 /* ViewController.m */,
			);
			name = AppDelegate;
			sourceTree = "<group>";
		};
		CE8875AC1BCCD6DE00334C97 /* XFNFrame */ = {
			isa = PBXGroup;
			children = (
				CE1952BE1BF078430097FC0C /* XFNFrameViewController */,
				CEEA58931BE4F2BF00AE6D16 /* XFNFrameDataModel */,
				CEE0FF511BCF843F004EBFC6 /* XFNLib */,
				CEE0FF221BCE31E3004EBFC6 /* XFNFrameTabBarController */,
				CEE0FF261BCE326E004EBFC6 /* XFNFrameTableViewController */,
				CEE0FF211BCE31D8004EBFC6 /* XFNFrameNavigationController */,
			);
			name = XFNFrame;
			sourceTree = "<group>";
		};
		CE93C6821BEA2400005E0973 /* CommonItem */ = {
			isa = PBXGroup;
			children = (
				CEE0FF361BCE40FA004EBFC6 /* Controllers */,
				CEE0FF371BCE4104004EBFC6 /* Views */,
				CEE0FF381BCE410A004EBFC6 /* Models */,
			);
			name = CommonItem;
			sourceTree = "<group>";
		};
		CEE0FF211BCE31D8004EBFC6 /* XFNFrameNavigationController */ = {
			isa = PBXGroup;
			children = (
				CE599B821BEB233D00F8A229 /* XFNFrameNavigationController.h */,
				CE599B831BEB233D00F8A229 /* XFNFrameNavigationController.m */,
			);
			name = XFNFrameNavigationController;
			sourceTree = "<group>";
		};
		CEE0FF221BCE31E3004EBFC6 /* XFNFrameTabBarController */ = {
			isa = PBXGroup;
			children = (
				CE599B791BEB232000F8A229 /* XFNFrameTabBarController.h */,
				CE599B7A1BEB232000F8A229 /* XFNFrameTabBarController.m */,
			);
			name = XFNFrameTabBarController;
			sourceTree = "<group>";
		};
		CEE0FF261BCE326E004EBFC6 /* XFNFrameTableViewController */ = {
			isa = PBXGroup;
			children = (
				CE599B7C1BEB232B00F8A229 /* XFNFrameTableViewController.h */,
				CE599B7D1BEB232B00F8A229 /* XFNFrameTableViewController.m */,
				CEE0FF2A1BCE34D3004EBFC6 /* XFNFrameTableViewControllerCell */,
			);
			name = XFNFrameTableViewController;
			sourceTree = "<group>";
		};
		CEE0FF2A1BCE34D3004EBFC6 /* XFNFrameTableViewControllerCell */ = {
			isa = PBXGroup;
			children = (
				CE599B7F1BEB233100F8A229 /* XFNFrameTableViewControllerCell.h */,
				CE599B801BEB233100F8A229 /* XFNFrameTableViewControllerCell.m */,
			);
			name = XFNFrameTableViewControllerCell;
			sourceTree = "<group>";
		};
		CEE0FF2C1BCE4010004EBFC6 /* Me */ = {
			isa = PBXGroup;
			children = (
				CEE0FF3E1BCE412B004EBFC6 /* Models */,
				CEE0FF3D1BCE4126004EBFC6 /* Views */,
				CEE0FF3C1BCE4120004EBFC6 /* Controllers */,
			);
			name = Me;
			sourceTree = "<group>";
		};
		CEE0FF2D1BCE4016004EBFC6 /* Public */ = {
			isa = PBXGroup;
			children = (
				CEE0FF3B1BCE411A004EBFC6 /* Models */,
				CEE0FF3A1BCE4116004EBFC6 /* Views */,
				CEE0FF391BCE410F004EBFC6 /* Controllers */,
			);
			name = Public;
			sourceTree = "<group>";
		};
		CEE0FF2E1BCE4020004EBFC6 /* Work */ = {
			isa = PBXGroup;
			children = (
				CE1952C21BF079ED0097FC0C /* CommonActions */,
				CE93C6821BEA2400005E0973 /* CommonItem */,
				CE4745491BE79ED3000F4596 /* CommonItemDetail */,
			);
			name = Work;
			sourceTree = "<group>";
		};
		CEE0FF321BCE40A1004EBFC6 /* Message */ = {
			isa = PBXGroup;
			children = (
				CEE0FF331BCE40A9004EBFC6 /* Models */,
				CEE0FF341BCE40B4004EBFC6 /* Views */,
				CEE0FF351BCE40B9004EBFC6 /* Controllers */,
			);
			name = Message;
			sourceTree = "<group>";
		};
		CEE0FF331BCE40A9004EBFC6 /* Models */ = {
			isa = PBXGroup;
			children = (
			);
			name = Models;
			sourceTree = "<group>";
		};
		CEE0FF341BCE40B4004EBFC6 /* Views */ = {
			isa = PBXGroup;
			children = (
			);
			name = Views;
			sourceTree = "<group>";
		};
		CEE0FF351BCE40B9004EBFC6 /* Controllers */ = {
			isa = PBXGroup;
			children = (
			);
			name = Controllers;
			sourceTree = "<group>";
		};
		CEE0FF361BCE40FA004EBFC6 /* Controllers */ = {
			isa = PBXGroup;
			children = (
				CE93C6911BEA2461005E0973 /* XFNWorkTableViewController.h */,
				CE93C6921BEA2461005E0973 /* XFNWorkTableViewController.m */,
			);
			name = Controllers;
			sourceTree = "<group>";
		};
		CEE0FF371BCE4104004EBFC6 /* Views */ = {
			isa = PBXGroup;
			children = (
				CE93C6861BEA244B005E0973 /* XFNWorkTableViewCell.h */,
				CE93C6871BEA244B005E0973 /* XFNWorkTableViewCell.m */,
				CEEFBF3E1C0D559000B3997C /* XFNWorkTableViewHeader.m */,
				CEEFBF401C0D559F00B3997C /* XFNWorkTableViewHeader.h */,
			);
			name = Views;
			sourceTree = "<group>";
		};
		CEE0FF381BCE410A004EBFC6 /* Models */ = {
			isa = PBXGroup;
			children = (
				CE93C6831BEA243B005E0973 /* XFNWorkTableViewCellModel.h */,
				CE93C6841BEA243B005E0973 /* XFNWorkTableViewCellModel.m */,
			);
			name = Models;
			sourceTree = "<group>";
		};
		CEE0FF391BCE410F004EBFC6 /* Controllers */ = {
			isa = PBXGroup;
			children = (
			);
			name = Controllers;
			sourceTree = "<group>";
		};
		CEE0FF3A1BCE4116004EBFC6 /* Views */ = {
			isa = PBXGroup;
			children = (
			);
			name = Views;
			sourceTree = "<group>";
		};
		CEE0FF3B1BCE411A004EBFC6 /* Models */ = {
			isa = PBXGroup;
			children = (
			);
			name = Models;
			sourceTree = "<group>";
		};
		CEE0FF3C1BCE4120004EBFC6 /* Controllers */ = {
			isa = PBXGroup;
			children = (
			);
			name = Controllers;
			sourceTree = "<group>";
		};
		CEE0FF3D1BCE4126004EBFC6 /* Views */ = {
			isa = PBXGroup;
			children = (
			);
			name = Views;
			sourceTree = "<group>";
		};
		CEE0FF3E1BCE412B004EBFC6 /* Models */ = {
			isa = PBXGroup;
			children = (
			);
			name = Models;
			sourceTree = "<group>";
		};
		CEE0FF511BCF843F004EBFC6 /* XFNLib */ = {
			isa = PBXGroup;
			children = (
				CE083C351BE723FA00B225F6 /* XFNFrame.h */,
				CEE0FF541BCF846C004EBFC6 /* XFNCategory */,
				CEE0FF531BCF8457004EBFC6 /* XFNWebImage */,
				CEE0FF521BCF844A004EBFC6 /* XFNCycleScrollView */,
			);
			name = XFNLib;
			sourceTree = "<group>";
		};
		CEE0FF521BCF844A004EBFC6 /* XFNCycleScrollView */ = {
			isa = PBXGroup;
			children = (
			);
			name = XFNCycleScrollView;
			sourceTree = "<group>";
		};
		CEE0FF531BCF8457004EBFC6 /* XFNWebImage */ = {
			isa = PBXGroup;
			children = (
			);
			name = XFNWebImage;
			sourceTree = "<group>";
		};
		CEE0FF541BCF846C004EBFC6 /* XFNCategory */ = {
			isa = PBXGroup;
			children = (
				CEE0FF551BCF85BB004EBFC6 /* UIView+XFNExtension.m */,
				CEE0FF571BCF85CF004EBFC6 /* UIView+XFNExtension.h */,
				CEEFBF411C0D722600B3997C /* XFNGridView.m */,
				CEEFBF431C0D723400B3997C /* XFNGridView.h */,
			);
			name = XFNCategory;
			sourceTree = "<group>";
		};
		CEEA58931BE4F2BF00AE6D16 /* XFNFrameDataModel */ = {
			isa = PBXGroup;
			children = (
				CE599B781BEB229200F8A229 /* XFNFrameCommonItemDetailModel */,
				CEEA58981BE4FC0200AE6D16 /* XFNFrameCommonItemModel */,
				CEEA58971BE4FA9400AE6D16 /* XFNFrameUserProfileModel */,
			);
			name = XFNFrameDataModel;
			sourceTree = "<group>";
		};
		CEEA58971BE4FA9400AE6D16 /* XFNFrameUserProfileModel */ = {
			isa = PBXGroup;
			children = (
				CE93C69B1BEA24E5005E0973 /* XFNFrameUserProfileModel.m */,
				CE93C69A1BEA24E5005E0973 /* XFNFrameUserProfileModel.h */,
			);
			name = XFNFrameUserProfileModel;
			sourceTree = "<group>";
		};
		CEEA58981BE4FC0200AE6D16 /* XFNFrameCommonItemModel */ = {
			isa = PBXGroup;
			children = (
				CE93C6981BEA24DA005E0973 /* XFNFrameCommonItemModel.m */,
				CE93C6971BEA24DA005E0973 /* XFNFrameCommonItemModel.h */,
			);
			name = XFNFrameCommonItemModel;
			sourceTree = "<group>";
		};
/* End PBXGroup section */

/* Begin PBXNativeTarget section */
		CE88756F1BCCD16500334C97 /* XF AppDemo V0.0 */ = {
			isa = PBXNativeTarget;
			buildConfigurationList = CE8875A01BCCD16500334C97 /* Build configuration list for PBXNativeTarget "XF AppDemo V0.0" */;
			buildPhases = (
				FF3A46D0A9DAB85E85D64DFD /* Check Pods Manifest.lock */,
				CE88756C1BCCD16500334C97 /* Sources */,
				CE88756D1BCCD16500334C97 /* Frameworks */,
				CE88756E1BCCD16500334C97 /* Resources */,
				D70CAD2FDD9F50D3AEF672AE /* Embed Pods Frameworks */,
				7CE1A710E34A3B21B1FDEA7C /* Copy Pods Resources */,
			);
			buildRules = (
			);
			dependencies = (
			);
			name = "XF AppDemo V0.0";
			productName = "XF AppDemo V0.0";
			productReference = CE8875701BCCD16500334C97 /* XF AppDemo V0.0.app */;
			productType = "com.apple.product-type.application";
		};
		CE88758B1BCCD16500334C97 /* XF AppDemo V0.0Tests */ = {
			isa = PBXNativeTarget;
			buildConfigurationList = CE8875A31BCCD16500334C97 /* Build configuration list for PBXNativeTarget "XF AppDemo V0.0Tests" */;
			buildPhases = (
				CE8875881BCCD16500334C97 /* Sources */,
				CE8875891BCCD16500334C97 /* Frameworks */,
				CE88758A1BCCD16500334C97 /* Resources */,
			);
			buildRules = (
			);
			dependencies = (
				CE88758E1BCCD16500334C97 /* PBXTargetDependency */,
			);
			name = "XF AppDemo V0.0Tests";
			productName = "XF AppDemo V0.0Tests";
			productReference = CE88758C1BCCD16500334C97 /* XF AppDemo V0.0Tests.xctest */;
			productType = "com.apple.product-type.bundle.unit-test";
		};
		CE8875961BCCD16500334C97 /* XF AppDemo V0.0UITests */ = {
			isa = PBXNativeTarget;
			buildConfigurationList = CE8875A61BCCD16500334C97 /* Build configuration list for PBXNativeTarget "XF AppDemo V0.0UITests" */;
			buildPhases = (
				CE8875931BCCD16500334C97 /* Sources */,
				CE8875941BCCD16500334C97 /* Frameworks */,
				CE8875951BCCD16500334C97 /* Resources */,
			);
			buildRules = (
			);
			dependencies = (
				CE8875991BCCD16500334C97 /* PBXTargetDependency */,
			);
			name = "XF AppDemo V0.0UITests";
			productName = "XF AppDemo V0.0UITests";
			productReference = CE8875971BCCD16500334C97 /* XF AppDemo V0.0UITests.xctest */;
			productType = "com.apple.product-type.bundle.ui-testing";
		};
/* End PBXNativeTarget section */

/* Begin PBXProject section */
		CE8875681BCCD16500334C97 /* Project object */ = {
			isa = PBXProject;
			attributes = {
				LastUpgradeCheck = 0700;
				ORGANIZATIONNAME = po;
				TargetAttributes = {
					CE88756F1BCCD16500334C97 = {
						CreatedOnToolsVersion = 7.0;
						DevelopmentTeam = 6L46U4LJWH;
					};
					CE88758B1BCCD16500334C97 = {
						CreatedOnToolsVersion = 7.0;
						DevelopmentTeam = 6L46U4LJWH;
						TestTargetID = CE88756F1BCCD16500334C97;
					};
					CE8875961BCCD16500334C97 = {
						CreatedOnToolsVersion = 7.0;
						DevelopmentTeam = 6L46U4LJWH;
						TestTargetID = CE88756F1BCCD16500334C97;
					};
				};
			};
			buildConfigurationList = CE88756B1BCCD16500334C97 /* Build configuration list for PBXProject "XF AppDemo V0.0" */;
			compatibilityVersion = "Xcode 3.2";
			developmentRegion = English;
			hasScannedForEncodings = 0;
			knownRegions = (
				en,
				Base,
			);
			mainGroup = CE8875671BCCD16500334C97;
			productRefGroup = CE8875711BCCD16500334C97 /* Products */;
			projectDirPath = "";
			projectRoot = "";
			targets = (
				CE88756F1BCCD16500334C97 /* XF AppDemo V0.0 */,
				CE88758B1BCCD16500334C97 /* XF AppDemo V0.0Tests */,
				CE8875961BCCD16500334C97 /* XF AppDemo V0.0UITests */,
			);
		};
/* End PBXProject section */

/* Begin PBXResourcesBuildPhase section */
		CE88756E1BCCD16500334C97 /* Resources */ = {
			isa = PBXResourcesBuildPhase;
			buildActionMask = 2147483647;
			files = (
				CE6100FD1C100AE200C53A2A /* TestImage0.jpg in Resources */,
				CE6101031C100AE200C53A2A /* TestImage6.jpg in Resources */,
				CE2171C01BF43E5100A71CCA /* Podfile in Resources */,
				CE6101011C100AE200C53A2A /* TestImage4.jpg in Resources */,
				CE6100FF1C100AE200C53A2A /* TestImage2.jpg in Resources */,
				CE6101001C100AE200C53A2A /* TestImage3.jpg in Resources */,
				CE6101021C100AE200C53A2A /* TestImage5.jpg in Resources */,
				CE8875861BCCD16500334C97 /* LaunchScreen.storyboard in Resources */,
				CE8875831BCCD16500334C97 /* Assets.xcassets in Resources */,
				CE88757E1BCCD16500334C97 /* Main.storyboard in Resources */,
				CE6100FE1C100AE200C53A2A /* TestImage1.jpg in Resources */,
			);
			runOnlyForDeploymentPostprocessing = 0;
		};
		CE88758A1BCCD16500334C97 /* Resources */ = {
			isa = PBXResourcesBuildPhase;
			buildActionMask = 2147483647;
			files = (
			);
			runOnlyForDeploymentPostprocessing = 0;
		};
		CE8875951BCCD16500334C97 /* Resources */ = {
			isa = PBXResourcesBuildPhase;
			buildActionMask = 2147483647;
			files = (
			);
			runOnlyForDeploymentPostprocessing = 0;
		};
/* End PBXResourcesBuildPhase section */

/* Begin PBXShellScriptBuildPhase section */
		7CE1A710E34A3B21B1FDEA7C /* Copy Pods Resources */ = {
			isa = PBXShellScriptBuildPhase;
			buildActionMask = 2147483647;
			files = (
			);
			inputPaths = (
			);
			name = "Copy Pods Resources";
			outputPaths = (
			);
			runOnlyForDeploymentPostprocessing = 0;
			shellPath = /bin/sh;
			shellScript = "\"${SRCROOT}/Pods/Target Support Files/Pods/Pods-resources.sh\"\n";
			showEnvVarsInLog = 0;
		};
		D70CAD2FDD9F50D3AEF672AE /* Embed Pods Frameworks */ = {
			isa = PBXShellScriptBuildPhase;
			buildActionMask = 2147483647;
			files = (
			);
			inputPaths = (
			);
			name = "Embed Pods Frameworks";
			outputPaths = (
			);
			runOnlyForDeploymentPostprocessing = 0;
			shellPath = /bin/sh;
			shellScript = "\"${SRCROOT}/Pods/Target Support Files/Pods/Pods-frameworks.sh\"\n";
			showEnvVarsInLog = 0;
		};
		FF3A46D0A9DAB85E85D64DFD /* Check Pods Manifest.lock */ = {
			isa = PBXShellScriptBuildPhase;
			buildActionMask = 2147483647;
			files = (
			);
			inputPaths = (
			);
			name = "Check Pods Manifest.lock";
			outputPaths = (
			);
			runOnlyForDeploymentPostprocessing = 0;
			shellPath = /bin/sh;
			shellScript = "diff \"${PODS_ROOT}/../Podfile.lock\" \"${PODS_ROOT}/Manifest.lock\" > /dev/null\nif [[ $? != 0 ]] ; then\n    cat << EOM\nerror: The sandbox is not in sync with the Podfile.lock. Run 'pod install' or update your CocoaPods installation.\nEOM\n    exit 1\nfi\n";
			showEnvVarsInLog = 0;
		};
/* End PBXShellScriptBuildPhase section */

/* Begin PBXSourcesBuildPhase section */
		CE88756C1BCCD16500334C97 /* Sources */ = {
			isa = PBXSourcesBuildPhase;
			buildActionMask = 2147483647;
			files = (
				CE61010A1C10701E00C53A2A /* XFNWorkDetailAuxiliaryInfoCell.m in Sources */,
				CE6101061C1010DC00C53A2A /* XFNWorkDetailTradeInfoCell.m in Sources */,
				CE61010F1C1076A800C53A2A /* XFNWorkDetailContactInfoCell.m in Sources */,
				CE599B7B1BEB232000F8A229 /* XFNFrameTabBarController.m in Sources */,
				CE88757B1BCCD16500334C97 /* ViewController.m in Sources */,
				CE8875781BCCD16500334C97 /* AppDelegate.m in Sources */,
				CE6100ED1C1007A800C53A2A /* XFNWorkDetailBasicInfoCell.m in Sources */,
				CE95ED7C1BF5D57E001C3033 /* XFNFrameAssetModel.m in Sources */,
				CE93C6851BEA243B005E0973 /* XFNWorkTableViewCellModel.m in Sources */,
				CE599B811BEB233100F8A229 /* XFNFrameTableViewControllerCell.m in Sources */,
				CE3079B61C1199DD008F37C6 /* XFNDetailCommentsTableView.m in Sources */,
				CE6100F41C1007F400C53A2A /* XFNImageSlideViewController.m in Sources */,
				CE599B7E1BEB232B00F8A229 /* XFNFrameTableViewController.m in Sources */,
				CE95ED791BF58AEC001C3033 /* XFNDataTestModel.m in Sources */,
				CE93C67C1BEA23CE005E0973 /* XFNWorkDetailTableViewCell.m in Sources */,
				CE6101131C1076DA00C53A2A /* XFNWorkDetailCommentsInfoCell.m in Sources */,
				CE93C6811BEA23DE005E0973 /* XFNWorkDetailTableViewCellModel.m in Sources */,
				CE93C69C1BEA24E5005E0973 /* XFNFrameUserProfileModel.m in Sources */,
				CE6100F21C1007BF00C53A2A /* XFNWorkDetailImageViewCell.m in Sources */,
				CE1952C61BF07ABC0097FC0C /* XFNStatusAttributePriceTableViewController.m in Sources */,
				CE1952C91BF0AD760097FC0C /* XFNStatusAttributePriceTableViewCell.m in Sources */,
				CE93C68D1BEA244B005E0973 /* XFNWorkTableViewCell.m in Sources */,
				CEEFBF3F1C0D559000B3997C /* XFNWorkTableViewHeader.m in Sources */,
				CE93C6761BEA23BC005E0973 /* XFNWorkDetailTableViewController.m in Sources */,
				CE93C6931BEA2461005E0973 /* XFNWorkTableViewController.m in Sources */,
				CE93C6991BEA24DA005E0973 /* XFNFrameCommonItemModel.m in Sources */,
				CE599B861BEB240000F8A229 /* XFNFrameCommonItemDetailModel.m in Sources */,
				CEEFBF421C0D722600B3997C /* XFNGridView.m in Sources */,
				CEE0FF561BCF85BB004EBFC6 /* UIView+XFNExtension.m in Sources */,
				CE599B841BEB233D00F8A229 /* XFNFrameNavigationController.m in Sources */,
				CE1952C01BF078F60097FC0C /* XFNFrameViewController.m in Sources */,
				CE8875751BCCD16500334C97 /* main.m in Sources */,
				CE8875811BCCD16500334C97 /* XF_AppDemo_V0_0.xcdatamodeld in Sources */,
			);
			runOnlyForDeploymentPostprocessing = 0;
		};
		CE8875881BCCD16500334C97 /* Sources */ = {
			isa = PBXSourcesBuildPhase;
			buildActionMask = 2147483647;
			files = (
				CE8875911BCCD16500334C97 /* XF_AppDemo_V0_0Tests.m in Sources */,
			);
			runOnlyForDeploymentPostprocessing = 0;
		};
		CE8875931BCCD16500334C97 /* Sources */ = {
			isa = PBXSourcesBuildPhase;
			buildActionMask = 2147483647;
			files = (
				CE88759C1BCCD16500334C97 /* XF_AppDemo_V0_0UITests.m in Sources */,
			);
			runOnlyForDeploymentPostprocessing = 0;
		};
/* End PBXSourcesBuildPhase section */

/* Begin PBXTargetDependency section */
		CE88758E1BCCD16500334C97 /* PBXTargetDependency */ = {
			isa = PBXTargetDependency;
			target = CE88756F1BCCD16500334C97 /* XF AppDemo V0.0 */;
			targetProxy = CE88758D1BCCD16500334C97 /* PBXContainerItemProxy */;
		};
		CE8875991BCCD16500334C97 /* PBXTargetDependency */ = {
			isa = PBXTargetDependency;
			target = CE88756F1BCCD16500334C97 /* XF AppDemo V0.0 */;
			targetProxy = CE8875981BCCD16500334C97 /* PBXContainerItemProxy */;
		};
/* End PBXTargetDependency section */

/* Begin PBXVariantGroup section */
		CE88757C1BCCD16500334C97 /* Main.storyboard */ = {
			isa = PBXVariantGroup;
			children = (
				CE88757D1BCCD16500334C97 /* Base */,
			);
			name = Main.storyboard;
			sourceTree = "<group>";
		};
		CE8875841BCCD16500334C97 /* LaunchScreen.storyboard */ = {
			isa = PBXVariantGroup;
			children = (
				CE8875851BCCD16500334C97 /* Base */,
			);
			name = LaunchScreen.storyboard;
			sourceTree = "<group>";
		};
/* End PBXVariantGroup section */

/* Begin XCBuildConfiguration section */
		CE88759E1BCCD16500334C97 /* Debug */ = {
			isa = XCBuildConfiguration;
			buildSettings = {
				ALWAYS_SEARCH_USER_PATHS = NO;
				CLANG_CXX_LANGUAGE_STANDARD = "gnu++0x";
				CLANG_CXX_LIBRARY = "libc++";
				CLANG_ENABLE_MODULES = YES;
				CLANG_ENABLE_OBJC_ARC = YES;
				CLANG_WARN_BOOL_CONVERSION = YES;
				CLANG_WARN_CONSTANT_CONVERSION = YES;
				CLANG_WARN_DIRECT_OBJC_ISA_USAGE = YES_ERROR;
				CLANG_WARN_EMPTY_BODY = YES;
				CLANG_WARN_ENUM_CONVERSION = YES;
				CLANG_WARN_INT_CONVERSION = YES;
				CLANG_WARN_OBJC_ROOT_CLASS = YES_ERROR;
				CLANG_WARN_UNREACHABLE_CODE = YES;
				CLANG_WARN__DUPLICATE_METHOD_MATCH = YES;
				"CODE_SIGN_IDENTITY[sdk=iphoneos*]" = "iPhone Developer";
				COPY_PHASE_STRIP = NO;
				DEBUG_INFORMATION_FORMAT = dwarf;
				ENABLE_STRICT_OBJC_MSGSEND = YES;
				ENABLE_TESTABILITY = YES;
				GCC_C_LANGUAGE_STANDARD = gnu99;
				GCC_DYNAMIC_NO_PIC = NO;
				GCC_NO_COMMON_BLOCKS = YES;
				GCC_OPTIMIZATION_LEVEL = 0;
				GCC_PREPROCESSOR_DEFINITIONS = (
					"DEBUG=1",
					"$(inherited)",
				);
				GCC_WARN_64_TO_32_BIT_CONVERSION = YES;
				GCC_WARN_ABOUT_RETURN_TYPE = YES_ERROR;
				GCC_WARN_UNDECLARED_SELECTOR = YES;
				GCC_WARN_UNINITIALIZED_AUTOS = YES_AGGRESSIVE;
				GCC_WARN_UNUSED_FUNCTION = YES;
				GCC_WARN_UNUSED_VARIABLE = YES;
				IPHONEOS_DEPLOYMENT_TARGET = 9.0;
				MTL_ENABLE_DEBUG_INFO = YES;
				ONLY_ACTIVE_ARCH = YES;
				SDKROOT = iphoneos;
				TARGETED_DEVICE_FAMILY = "1,2";
			};
			name = Debug;
		};
		CE88759F1BCCD16500334C97 /* Release */ = {
			isa = XCBuildConfiguration;
			buildSettings = {
				ALWAYS_SEARCH_USER_PATHS = NO;
				CLANG_CXX_LANGUAGE_STANDARD = "gnu++0x";
				CLANG_CXX_LIBRARY = "libc++";
				CLANG_ENABLE_MODULES = YES;
				CLANG_ENABLE_OBJC_ARC = YES;
				CLANG_WARN_BOOL_CONVERSION = YES;
				CLANG_WARN_CONSTANT_CONVERSION = YES;
				CLANG_WARN_DIRECT_OBJC_ISA_USAGE = YES_ERROR;
				CLANG_WARN_EMPTY_BODY = YES;
				CLANG_WARN_ENUM_CONVERSION = YES;
				CLANG_WARN_INT_CONVERSION = YES;
				CLANG_WARN_OBJC_ROOT_CLASS = YES_ERROR;
				CLANG_WARN_UNREACHABLE_CODE = YES;
				CLANG_WARN__DUPLICATE_METHOD_MATCH = YES;
				"CODE_SIGN_IDENTITY[sdk=iphoneos*]" = "iPhone Developer";
				COPY_PHASE_STRIP = NO;
				DEBUG_INFORMATION_FORMAT = "dwarf-with-dsym";
				ENABLE_NS_ASSERTIONS = NO;
				ENABLE_STRICT_OBJC_MSGSEND = YES;
				GCC_C_LANGUAGE_STANDARD = gnu99;
				GCC_NO_COMMON_BLOCKS = YES;
				GCC_WARN_64_TO_32_BIT_CONVERSION = YES;
				GCC_WARN_ABOUT_RETURN_TYPE = YES_ERROR;
				GCC_WARN_UNDECLARED_SELECTOR = YES;
				GCC_WARN_UNINITIALIZED_AUTOS = YES_AGGRESSIVE;
				GCC_WARN_UNUSED_FUNCTION = YES;
				GCC_WARN_UNUSED_VARIABLE = YES;
				IPHONEOS_DEPLOYMENT_TARGET = 9.0;
				MTL_ENABLE_DEBUG_INFO = NO;
				SDKROOT = iphoneos;
				TARGETED_DEVICE_FAMILY = "1,2";
				VALIDATE_PRODUCT = YES;
			};
			name = Release;
		};
		CE8875A11BCCD16500334C97 /* Debug */ = {
			isa = XCBuildConfiguration;
			baseConfigurationReference = C7D5AC0413928AE4F7D0AFC6 /* Pods.debug.xcconfig */;
			buildSettings = {
				ASSETCATALOG_COMPILER_APPICON_NAME = AppIcon;
				INFOPLIST_FILE = "XF AppDemo V0.0/Info.plist";
				LD_RUNPATH_SEARCH_PATHS = "$(inherited) @executable_path/Frameworks";
				PRODUCT_BUNDLE_IDENTIFIER = "XiaoFan.XF-AppDemo-V0-0";
				PRODUCT_NAME = "$(TARGET_NAME)";
			};
			name = Debug;
		};
		CE8875A21BCCD16500334C97 /* Release */ = {
			isa = XCBuildConfiguration;
			baseConfigurationReference = C4DC2459D79237ACFCE9C3BD /* Pods.release.xcconfig */;
			buildSettings = {
				ASSETCATALOG_COMPILER_APPICON_NAME = AppIcon;
				INFOPLIST_FILE = "XF AppDemo V0.0/Info.plist";
				LD_RUNPATH_SEARCH_PATHS = "$(inherited) @executable_path/Frameworks";
				PRODUCT_BUNDLE_IDENTIFIER = "XiaoFan.XF-AppDemo-V0-0";
				PRODUCT_NAME = "$(TARGET_NAME)";
			};
			name = Release;
		};
		CE8875A41BCCD16500334C97 /* Debug */ = {
			isa = XCBuildConfiguration;
			buildSettings = {
				BUNDLE_LOADER = "$(TEST_HOST)";
				INFOPLIST_FILE = "XF AppDemo V0.0Tests/Info.plist";
				LD_RUNPATH_SEARCH_PATHS = "$(inherited) @executable_path/Frameworks @loader_path/Frameworks";
				PRODUCT_BUNDLE_IDENTIFIER = "XiaoFan.XF-AppDemo-V0-0Tests";
				PRODUCT_NAME = "$(TARGET_NAME)";
				TEST_HOST = "$(BUILT_PRODUCTS_DIR)/XF AppDemo V0.0.app/XF AppDemo V0.0";
			};
			name = Debug;
		};
		CE8875A51BCCD16500334C97 /* Release */ = {
			isa = XCBuildConfiguration;
			buildSettings = {
				BUNDLE_LOADER = "$(TEST_HOST)";
				INFOPLIST_FILE = "XF AppDemo V0.0Tests/Info.plist";
				LD_RUNPATH_SEARCH_PATHS = "$(inherited) @executable_path/Frameworks @loader_path/Frameworks";
				PRODUCT_BUNDLE_IDENTIFIER = "XiaoFan.XF-AppDemo-V0-0Tests";
				PRODUCT_NAME = "$(TARGET_NAME)";
				TEST_HOST = "$(BUILT_PRODUCTS_DIR)/XF AppDemo V0.0.app/XF AppDemo V0.0";
			};
			name = Release;
		};
		CE8875A71BCCD16500334C97 /* Debug */ = {
			isa = XCBuildConfiguration;
			buildSettings = {
				INFOPLIST_FILE = "XF AppDemo V0.0UITests/Info.plist";
				LD_RUNPATH_SEARCH_PATHS = "$(inherited) @executable_path/Frameworks @loader_path/Frameworks";
				PRODUCT_BUNDLE_IDENTIFIER = "XiaoFan.XF-AppDemo-V0-0UITests";
				PRODUCT_NAME = "$(TARGET_NAME)";
				TEST_TARGET_NAME = "XF AppDemo V0.0";
				USES_XCTRUNNER = YES;
			};
			name = Debug;
		};
		CE8875A81BCCD16500334C97 /* Release */ = {
			isa = XCBuildConfiguration;
			buildSettings = {
				INFOPLIST_FILE = "XF AppDemo V0.0UITests/Info.plist";
				LD_RUNPATH_SEARCH_PATHS = "$(inherited) @executable_path/Frameworks @loader_path/Frameworks";
				PRODUCT_BUNDLE_IDENTIFIER = "XiaoFan.XF-AppDemo-V0-0UITests";
				PRODUCT_NAME = "$(TARGET_NAME)";
				TEST_TARGET_NAME = "XF AppDemo V0.0";
				USES_XCTRUNNER = YES;
			};
			name = Release;
		};
/* End XCBuildConfiguration section */

/* Begin XCConfigurationList section */
		CE88756B1BCCD16500334C97 /* Build configuration list for PBXProject "XF AppDemo V0.0" */ = {
			isa = XCConfigurationList;
			buildConfigurations = (
				CE88759E1BCCD16500334C97 /* Debug */,
				CE88759F1BCCD16500334C97 /* Release */,
			);
			defaultConfigurationIsVisible = 0;
			defaultConfigurationName = Release;
		};
		CE8875A01BCCD16500334C97 /* Build configuration list for PBXNativeTarget "XF AppDemo V0.0" */ = {
			isa = XCConfigurationList;
			buildConfigurations = (
				CE8875A11BCCD16500334C97 /* Debug */,
				CE8875A21BCCD16500334C97 /* Release */,
			);
			defaultConfigurationIsVisible = 0;
			defaultConfigurationName = Release;
		};
		CE8875A31BCCD16500334C97 /* Build configuration list for PBXNativeTarget "XF AppDemo V0.0Tests" */ = {
			isa = XCConfigurationList;
			buildConfigurations = (
				CE8875A41BCCD16500334C97 /* Debug */,
				CE8875A51BCCD16500334C97 /* Release */,
			);
			defaultConfigurationIsVisible = 0;
			defaultConfigurationName = Release;
		};
		CE8875A61BCCD16500334C97 /* Build configuration list for PBXNativeTarget "XF AppDemo V0.0UITests" */ = {
			isa = XCConfigurationList;
			buildConfigurations = (
				CE8875A71BCCD16500334C97 /* Debug */,
				CE8875A81BCCD16500334C97 /* Release */,
			);
			defaultConfigurationIsVisible = 0;
			defaultConfigurationName = Release;
		};
/* End XCConfigurationList section */

/* Begin XCVersionGroup section */
		CE88757F1BCCD16500334C97 /* XF_AppDemo_V0_0.xcdatamodeld */ = {
			isa = XCVersionGroup;
			children = (
				CE8875801BCCD16500334C97 /* XF_AppDemo_V0_0.xcdatamodel */,
			);
			currentVersion = CE8875801BCCD16500334C97 /* XF_AppDemo_V0_0.xcdatamodel */;
			path = XF_AppDemo_V0_0.xcdatamodeld;
			sourceTree = "<group>";
			versionGroupType = wrapper.xcdatamodel;
		};
/* End XCVersionGroup section */
	};
	rootObject = CE8875681BCCD16500334C97 /* Project object */;
}
